
Microsoft Visual Studio Solution File, Format Version 12.00
# Visual Studio 15
VisualStudioVersion = 15.0.28307.645
MinimumVisualStudioVersion = 10.0.40219.1
Project("{FAE04EC0-301F-11D3-BF4B-00C04F79EFBC}") = "ms.Android", "ms\ms.Android\ms.Android.csproj", "{B868207B-17E8-4F77-BE9B-0C9AB36479FD}"
EndProject
Project("{9A19103F-16F7-4668-BE54-9A1E7A4F7556}") = "ms", "ms\ms\ms.csproj", "{EE22A05E-B395-4DBF-BA4A-E674FE8A289C}"
EndProject
Project("{2150E333-8FDC-42A3-9474-1A3956D46DE8}") = "Test", "Test", "{068AFE9B-1DA5-4D75-BBB4-0FDA99C117C6}"
EndProject
Project("{FAE04EC0-301F-11D3-BF4B-00C04F79EFBC}") = "msTest", "msTest\msTest.csproj", "{1C6AF7D9-1786-4BA0-B035-F65DE7F9777D}"
EndProject
Project("{FAE04EC0-301F-11D3-BF4B-00C04F79EFBC}") = "msUITest", "msUITest\msUITest.csproj", "{B19C892E-2628-4CA7-AD27-08D406A3B14B}"
EndProject
Global
	GlobalSection(SolutionConfigurationPlatforms) = preSolution
		Debug|Any CPU = Debug|Any CPU
		Release|Any CPU = Release|Any CPU
	EndGlobalSection
	GlobalSection(ProjectConfigurationPlatforms) = postSolution
		{B868207B-17E8-4F77-BE9B-0C9AB36479FD}.Debug|Any CPU.ActiveCfg = Debug|Any CPU
		{B868207B-17E8-4F77-BE9B-0C9AB36479FD}.Debug|Any CPU.Build.0 = Debug|Any CPU
		{B868207B-17E8-4F77-BE9B-0C9AB36479FD}.Debug|Any CPU.Deploy.0 = Debug|Any CPU
		{B868207B-17E8-4F77-BE9B-0C9AB36479FD}.Release|Any CPU.ActiveCfg = Release|Any CPU
		{B868207B-17E8-4F77-BE9B-0C9AB36479FD}.Release|Any CPU.Build.0 = Release|Any CPU
		{B868207B-17E8-4F77-BE9B-0C9AB36479FD}.Release|Any CPU.Deploy.0 = Release|Any CPU
		{EE22A05E-B395-4DBF-BA4A-E674FE8A289C}.Debug|Any CPU.ActiveCfg = Debug|Any CPU
		{EE22A05E-B395-4DBF-BA4A-E674FE8A289C}.Debug|Any CPU.Build.0 = Debug|Any CPU
		{EE22A05E-B395-4DBF-BA4A-E674FE8A289C}.Release|Any CPU.ActiveCfg = Release|Any CPU
		{EE22A05E-B395-4DBF-BA4A-E674FE8A289C}.Release|Any CPU.Build.0 = Release|Any CPU
		{1C6AF7D9-1786-4BA0-B035-F65DE7F9777D}.Debug|Any CPU.ActiveCfg = Debug|Any CPU
		{1C6AF7D9-1786-4BA0-B035-F65DE7F9777D}.Debug|Any CPU.Build.0 = Debug|Any CPU
		{1C6AF7D9-1786-4BA0-B035-F65DE7F9777D}.Release|Any CPU.ActiveCfg = Release|Any CPU
		{1C6AF7D9-1786-4BA0-B035-F65DE7F9777D}.Release|Any CPU.Build.0 = Release|Any CPU
		{B19C892E-2628-4CA7-AD27-08D406A3B14B}.Debug|Any CPU.ActiveCfg = Debug|Any CPU
		{B19C892E-2628-4CA7-AD27-08D406A3B14B}.Debug|Any CPU.Build.0 = Debug|Any CPU
		{B19C892E-2628-4CA7-AD27-08D406A3B14B}.Release|Any CPU.ActiveCfg = Release|Any CPU
		{B19C892E-2628-4CA7-AD27-08D406A3B14B}.Release|Any CPU.Build.0 = Release|Any CPU
	EndGlobalSection
	GlobalSection(SolutionProperties) = preSolution
		HideSolutionNode = FALSE
	EndGlobalSection
	GlobalSection(NestedProjects) = preSolution
		{1C6AF7D9-1786-4BA0-B035-F65DE7F9777D} = {068AFE9B-1DA5-4D75-BBB4-0FDA99C117C6}
		{B19C892E-2628-4CA7-AD27-08D406A3B14B} = {068AFE9B-1DA5-4D75-BBB4-0FDA99C117C6}
	EndGlobalSection
	GlobalSection(ExtensibilityGlobals) = postSolution
		SolutionGuid = {C86FE801-6B5F-406A-862C-6C3D9865B5C2}
	EndGlobalSection
EndGlobal
